
Microsoft Visual Studio Solution File, Format Version 12.00
# Visual Studio 15
VisualStudioVersion = 15.0.28307.1169
MinimumVisualStudioVersion = 10.0.40219.1
Project("{FAE04EC0-301F-11D3-BF4B-00C04F79EFBC}") = "DataModel", "DataModel\DataModel.csproj", "{14FE6B32-D599-40C1-97E2-375468EAA206}"
EndProject
Project("{FAE04EC0-301F-11D3-BF4B-00C04F79EFBC}") = "Interface", "Interface\Interface.csproj", "{F14EE790-CB6E-4ADB-8C73-23C9F4AF8F11}"
EndProject
Global
	GlobalSection(SolutionConfigurationPlatforms) = preSolution
		Debug|Any CPU = Debug|Any CPU
		Release|Any CPU = Release|Any CPU
	EndGlobalSection
	GlobalSection(ProjectConfigurationPlatforms) = postSolution
		{14FE6B32-D599-40C1-97E2-375468EAA206}.Debug|Any CPU.ActiveCfg = Debug|Any CPU
		{14FE6B32-D599-40C1-97E2-375468EAA206}.Debug|Any CPU.Build.0 = Debug|Any CPU
		{14FE6B32-D599-40C1-97E2-375468EAA206}.Release|Any CPU.ActiveCfg = Release|Any CPU
		{14FE6B32-D599-40C1-97E2-375468EAA206}.Release|Any CPU.Build.0 = Release|Any CPU
		{F14EE790-CB6E-4ADB-8C73-23C9F4AF8F11}.Debug|Any CPU.ActiveCfg = Debug|Any CPU
		{F14EE790-CB6E-4ADB-8C73-23C9F4AF8F11}.Debug|Any CPU.Build.0 = Debug|Any CPU
		{F14EE790-CB6E-4ADB-8C73-23C9F4AF8F11}.Release|Any CPU.ActiveCfg = Release|Any CPU
		{F14EE790-CB6E-4ADB-8C73-23C9F4AF8F11}.Release|Any CPU.Build.0 = Release|Any CPU
	EndGlobalSection
	GlobalSection(SolutionProperties) = preSolution
		HideSolutionNode = FALSE
	EndGlobalSection
	GlobalSection(ExtensibilityGlobals) = postSolution
		SolutionGuid = {33853858-E80C-4525-9A8F-A1194AE2AF71}
	EndGlobalSection
EndGlobal
